
Microsoft Visual Studio Solution File, Format Version 12.00
# Visual Studio Version 16
VisualStudioVersion = 16.0.32126.315
MinimumVisualStudioVersion = 10.0.40219.1
Project("{FAE04EC0-301F-11D3-BF4B-00C04F79EFBC}") = "TikTokApp.Android", "TikTokApp.Android\TikTokApp.Android.csproj", "{D37513FA-C338-4B58-95BD-9192809EA572}"
EndProject
Project("{FAE04EC0-301F-11D3-BF4B-00C04F79EFBC}") = "TikTokApp.iOS", "TikTokApp.iOS\TikTokApp.iOS.csproj", "{DD76D904-04D5-401F-8975-73F564F378EB}"
EndProject
Project("{FAE04EC0-301F-11D3-BF4B-00C04F79EFBC}") = "TikTokApp", "TikTokApp\TikTokApp.csproj", "{2719111A-C297-4AC9-949C-9FE4564E65A9}"
EndProject
Global
	GlobalSection(SolutionConfigurationPlatforms) = preSolution
		Debug|Any CPU = Debug|Any CPU
		Debug|iPhone = Debug|iPhone
		Debug|iPhoneSimulator = Debug|iPhoneSimulator
		Release|Any CPU = Release|Any CPU
		Release|iPhone = Release|iPhone
		Release|iPhoneSimulator = Release|iPhoneSimulator
	EndGlobalSection
	GlobalSection(ProjectConfigurationPlatforms) = postSolution
		{D37513FA-C338-4B58-95BD-9192809EA572}.Debug|Any CPU.ActiveCfg = Debug|Any CPU
		{D37513FA-C338-4B58-95BD-9192809EA572}.Debug|Any CPU.Build.0 = Debug|Any CPU
		{D37513FA-C338-4B58-95BD-9192809EA572}.Debug|Any CPU.Deploy.0 = Debug|Any CPU
		{D37513FA-C338-4B58-95BD-9192809EA572}.Debug|iPhone.ActiveCfg = Debug|Any CPU
		{D37513FA-C338-4B58-95BD-9192809EA572}.Debug|iPhone.Build.0 = Debug|Any CPU
		{D37513FA-C338-4B58-95BD-9192809EA572}.Debug|iPhone.Deploy.0 = Debug|Any CPU
		{D37513FA-C338-4B58-95BD-9192809EA572}.Debug|iPhoneSimulator.ActiveCfg = Debug|Any CPU
		{D37513FA-C338-4B58-95BD-9192809EA572}.Debug|iPhoneSimulator.Build.0 = Debug|Any CPU
		{D37513FA-C338-4B58-95BD-9192809EA572}.Debug|iPhoneSimulator.Deploy.0 = Debug|Any CPU
		{D37513FA-C338-4B58-95BD-9192809EA572}.Release|Any CPU.ActiveCfg = Release|Any CPU
		{D37513FA-C338-4B58-95BD-9192809EA572}.Release|Any CPU.Build.0 = Release|Any CPU
		{D37513FA-C338-4B58-95BD-9192809EA572}.Release|Any CPU.Deploy.0 = Release|Any CPU
		{D37513FA-C338-4B58-95BD-9192809EA572}.Release|iPhone.ActiveCfg = Release|Any CPU
		{D37513FA-C338-4B58-95BD-9192809EA572}.Release|iPhone.Build.0 = Release|Any CPU
		{D37513FA-C338-4B58-95BD-9192809EA572}.Release|iPhone.Deploy.0 = Release|Any CPU
		{D37513FA-C338-4B58-95BD-9192809EA572}.Release|iPhoneSimulator.ActiveCfg = Release|Any CPU
		{D37513FA-C338-4B58-95BD-9192809EA572}.Release|iPhoneSimulator.Build.0 = Release|Any CPU
		{D37513FA-C338-4B58-95BD-9192809EA572}.Release|iPhoneSimulator.Deploy.0 = Release|Any CPU
		{DD76D904-04D5-401F-8975-73F564F378EB}.Debug|Any CPU.ActiveCfg = Debug|iPhone
		{DD76D904-04D5-401F-8975-73F564F378EB}.Debug|Any CPU.Build.0 = Debug|iPhone
		{DD76D904-04D5-401F-8975-73F564F378EB}.Debug|Any CPU.Deploy.0 = Debug|iPhone
		{DD76D904-04D5-401F-8975-73F564F378EB}.Debug|iPhone.ActiveCfg = Debug|iPhone
		{DD76D904-04D5-401F-8975-73F564F378EB}.Debug|iPhone.Build.0 = Debug|iPhone
		{DD76D904-04D5-401F-8975-73F564F378EB}.Debug|iPhone.Deploy.0 = Debug|iPhone
		{DD76D904-04D5-401F-8975-73F564F378EB}.Debug|iPhoneSimulator.ActiveCfg = Debug|iPhoneSimulator
		{DD76D904-04D5-401F-8975-73F564F378EB}.Debug|iPhoneSimulator.Build.0 = Debug|iPhoneSimulator
		{DD76D904-04D5-401F-8975-73F564F378EB}.Debug|iPhoneSimulator.Deploy.0 = Debug|iPhoneSimulator
		{DD76D904-04D5-401F-8975-73F564F378EB}.Release|Any CPU.ActiveCfg = Release|iPhoneSimulator
		{DD76D904-04D5-401F-8975-73F564F378EB}.Release|Any CPU.Build.0 = Release|iPhoneSimulator
		{DD76D904-04D5-401F-8975-73F564F378EB}.Release|Any CPU.Deploy.0 = Release|iPhoneSimulator
		{DD76D904-04D5-401F-8975-73F564F378EB}.Release|iPhone.ActiveCfg = Release|iPhone
		{DD76D904-04D5-401F-8975-73F564F378EB}.Release|iPhone.Build.0 = Release|iPhone
		{DD76D904-04D5-401F-8975-73F564F378EB}.Release|iPhone.Deploy.0 = Release|iPhone
		{DD76D904-04D5-401F-8975-73F564F378EB}.Release|iPhoneSimulator.ActiveCfg = Release|iPhoneSimulator
		{DD76D904-04D5-401F-8975-73F564F378EB}.Release|iPhoneSimulator.Build.0 = Release|iPhoneSimulator
		{DD76D904-04D5-401F-8975-73F564F378EB}.Release|iPhoneSimulator.Deploy.0 = Release|iPhoneSimulator
		{2719111A-C297-4AC9-949C-9FE4564E65A9}.Debug|Any CPU.ActiveCfg = Debug|Any CPU
		{2719111A-C297-4AC9-949C-9FE4564E65A9}.Debug|Any CPU.Build.0 = Debug|Any CPU
		{2719111A-C297-4AC9-949C-9FE4564E65A9}.Debug|Any CPU.Deploy.0 = Debug|Any CPU
		{2719111A-C297-4AC9-949C-9FE4564E65A9}.Debug|iPhone.ActiveCfg = Debug|Any CPU
		{2719111A-C297-4AC9-949C-9FE4564E65A9}.Debug|iPhone.Build.0 = Debug|Any CPU
		{2719111A-C297-4AC9-949C-9FE4564E65A9}.Debug|iPhone.Deploy.0 = Debug|Any CPU
		{2719111A-C297-4AC9-949C-9FE4564E65A9}.Debug|iPhoneSimulator.ActiveCfg = Debug|Any CPU
		{2719111A-C297-4AC9-949C-9FE4564E65A9}.Debug|iPhoneSimulator.Build.0 = Debug|Any CPU
		{2719111A-C297-4AC9-949C-9FE4564E65A9}.Debug|iPhoneSimulator.Deploy.0 = Debug|Any CPU
		{2719111A-C297-4AC9-949C-9FE4564E65A9}.Release|Any CPU.ActiveCfg = Release|Any CPU
		{2719111A-C297-4AC9-949C-9FE4564E65A9}.Release|Any CPU.Build.0 = Release|Any CPU
		{2719111A-C297-4AC9-949C-9FE4564E65A9}.Release|Any CPU.Deploy.0 = Release|Any CPU
		{2719111A-C297-4AC9-949C-9FE4564E65A9}.Release|iPhone.ActiveCfg = Release|Any CPU
		{2719111A-C297-4AC9-949C-9FE4564E65A9}.Release|iPhone.Build.0 = Release|Any CPU
		{2719111A-C297-4AC9-949C-9FE4564E65A9}.Release|iPhone.Deploy.0 = Release|Any CPU
		{2719111A-C297-4AC9-949C-9FE4564E65A9}.Release|iPhoneSimulator.ActiveCfg = Release|Any CPU
		{2719111A-C297-4AC9-949C-9FE4564E65A9}.Release|iPhoneSimulator.Build.0 = Release|Any CPU
		{2719111A-C297-4AC9-949C-9FE4564E65A9}.Release|iPhoneSimulator.Deploy.0 = Release|Any CPU
	EndGlobalSection
	GlobalSection(SolutionProperties) = preSolution
		HideSolutionNode = FALSE
	EndGlobalSection
	GlobalSection(ExtensibilityGlobals) = postSolution
		SolutionGuid = {83FA8C0C-2147-4899-BB82-439629513DFF}
	EndGlobalSection
EndGlobal
